
Microsoft Visual Studio Solution File, Format Version 12.00
# Visual Studio 15
VisualStudioVersion = 15.0.27004.2006
MinimumVisualStudioVersion = 10.0.40219.1
Project("{9A19103F-16F7-4668-BE54-9A1E7A4F7556}") = "Northwind.Web", "Northwind.Web\Northwind.Web.csproj", "{2E802609-7A27-49BE-AA46-E75FF4DBEB72}"
EndProject
Project("{2150E333-8FDC-42A3-9474-1A3956D46DE8}") = "Layers", "Layers", "{8658ABC7-37AD-481D-9F9A-9AB00CC43CF0}"
EndProject
Project("{9A19103F-16F7-4668-BE54-9A1E7A4F7556}") = "Northwind.Domain", "Northwind.Domain\Northwind.Domain.csproj", "{69D7FDD9-5E31-4C84-A8E9-07C3730481E9}"
EndProject
Project("{9A19103F-16F7-4668-BE54-9A1E7A4F7556}") = "Northwind.Application", "Northwind.Application\Northwind.Application.csproj", "{72F4C448-5C0F-4872-8DD7-1B26D981B68D}"
EndProject
Project("{9A19103F-16F7-4668-BE54-9A1E7A4F7556}") = "Northwind.Framework", "Northwind.Framework\Northwind.Framework.csproj", "{D2A1711A-CFC2-4673-9578-7B18BF9818A8}"
EndProject
Project("{2150E333-8FDC-42A3-9474-1A3956D46DE8}") = "Test", "Test", "{64E8A160-5F97-473E-A904-925AF000E0CC}"
EndProject
Project("{9A19103F-16F7-4668-BE54-9A1E7A4F7556}") = "Northwind.UnitTests", "Northwind.UnitTests\Northwind.UnitTests.csproj", "{F9CE71A1-F352-4103-A28F-CEBF8CD37D5A}"
EndProject
Project("{00D1A9C2-B5F0-4AF3-8072-F6C62B433612}") = "Northwind.DataBase", "Northwind.DataBase\Northwind.DataBase.sqlproj", "{FD6DD120-F5D6-4214-BCF6-D03AC2A11A93}"
EndProject
Global
	GlobalSection(SolutionConfigurationPlatforms) = preSolution
		Debug|Any CPU = Debug|Any CPU
		Release|Any CPU = Release|Any CPU
	EndGlobalSection
	GlobalSection(ProjectConfigurationPlatforms) = postSolution
		{2E802609-7A27-49BE-AA46-E75FF4DBEB72}.Debug|Any CPU.ActiveCfg = Debug|Any CPU
		{2E802609-7A27-49BE-AA46-E75FF4DBEB72}.Debug|Any CPU.Build.0 = Debug|Any CPU
		{2E802609-7A27-49BE-AA46-E75FF4DBEB72}.Release|Any CPU.ActiveCfg = Release|Any CPU
		{2E802609-7A27-49BE-AA46-E75FF4DBEB72}.Release|Any CPU.Build.0 = Release|Any CPU
		{69D7FDD9-5E31-4C84-A8E9-07C3730481E9}.Debug|Any CPU.ActiveCfg = Debug|Any CPU
		{69D7FDD9-5E31-4C84-A8E9-07C3730481E9}.Debug|Any CPU.Build.0 = Debug|Any CPU
		{69D7FDD9-5E31-4C84-A8E9-07C3730481E9}.Release|Any CPU.ActiveCfg = Release|Any CPU
		{69D7FDD9-5E31-4C84-A8E9-07C3730481E9}.Release|Any CPU.Build.0 = Release|Any CPU
		{72F4C448-5C0F-4872-8DD7-1B26D981B68D}.Debug|Any CPU.ActiveCfg = Debug|Any CPU
		{72F4C448-5C0F-4872-8DD7-1B26D981B68D}.Debug|Any CPU.Build.0 = Debug|Any CPU
		{72F4C448-5C0F-4872-8DD7-1B26D981B68D}.Release|Any CPU.ActiveCfg = Release|Any CPU
		{72F4C448-5C0F-4872-8DD7-1B26D981B68D}.Release|Any CPU.Build.0 = Release|Any CPU
		{D2A1711A-CFC2-4673-9578-7B18BF9818A8}.Debug|Any CPU.ActiveCfg = Debug|Any CPU
		{D2A1711A-CFC2-4673-9578-7B18BF9818A8}.Debug|Any CPU.Build.0 = Debug|Any CPU
		{D2A1711A-CFC2-4673-9578-7B18BF9818A8}.Release|Any CPU.ActiveCfg = Release|Any CPU
		{D2A1711A-CFC2-4673-9578-7B18BF9818A8}.Release|Any CPU.Build.0 = Release|Any CPU
		{F9CE71A1-F352-4103-A28F-CEBF8CD37D5A}.Debug|Any CPU.ActiveCfg = Debug|Any CPU
		{F9CE71A1-F352-4103-A28F-CEBF8CD37D5A}.Debug|Any CPU.Build.0 = Debug|Any CPU
		{F9CE71A1-F352-4103-A28F-CEBF8CD37D5A}.Release|Any CPU.ActiveCfg = Release|Any CPU
		{F9CE71A1-F352-4103-A28F-CEBF8CD37D5A}.Release|Any CPU.Build.0 = Release|Any CPU
		{FD6DD120-F5D6-4214-BCF6-D03AC2A11A93}.Debug|Any CPU.ActiveCfg = Debug|Any CPU
		{FD6DD120-F5D6-4214-BCF6-D03AC2A11A93}.Debug|Any CPU.Build.0 = Debug|Any CPU
		{FD6DD120-F5D6-4214-BCF6-D03AC2A11A93}.Debug|Any CPU.Deploy.0 = Debug|Any CPU
		{FD6DD120-F5D6-4214-BCF6-D03AC2A11A93}.Release|Any CPU.ActiveCfg = Release|Any CPU
		{FD6DD120-F5D6-4214-BCF6-D03AC2A11A93}.Release|Any CPU.Build.0 = Release|Any CPU
		{FD6DD120-F5D6-4214-BCF6-D03AC2A11A93}.Release|Any CPU.Deploy.0 = Release|Any CPU
	EndGlobalSection
	GlobalSection(SolutionProperties) = preSolution
		HideSolutionNode = FALSE
	EndGlobalSection
	GlobalSection(NestedProjects) = preSolution
		{69D7FDD9-5E31-4C84-A8E9-07C3730481E9} = {8658ABC7-37AD-481D-9F9A-9AB00CC43CF0}
		{72F4C448-5C0F-4872-8DD7-1B26D981B68D} = {8658ABC7-37AD-481D-9F9A-9AB00CC43CF0}
		{D2A1711A-CFC2-4673-9578-7B18BF9818A8} = {8658ABC7-37AD-481D-9F9A-9AB00CC43CF0}
		{F9CE71A1-F352-4103-A28F-CEBF8CD37D5A} = {64E8A160-5F97-473E-A904-925AF000E0CC}
		{FD6DD120-F5D6-4214-BCF6-D03AC2A11A93} = {64E8A160-5F97-473E-A904-925AF000E0CC}
	EndGlobalSection
	GlobalSection(ExtensibilityGlobals) = postSolution
		SolutionGuid = {AF711025-3661-47E7-9718-738A80AFDB9E}
	EndGlobalSection
EndGlobal
